
Microsoft Visual Studio Solution File, Format Version 12.00
# Visual Studio Version 17
VisualStudioVersion = 17.3.32811.315
MinimumVisualStudioVersion = 10.0.40219.1
Project("{FAE04EC0-301F-11D3-BF4B-00C04F79EFBC}") = "23dh113715_MyStore", "23dh113715_MyStore\23dh113715_MyStore.csproj", "{092FE25A-F1B6-4CA0-BFAF-73258F1DFDB0}"
EndProject
Global
	GlobalSection(SolutionConfigurationPlatforms) = preSolution
		Debug|Any CPU = Debug|Any CPU
		Release|Any CPU = Release|Any CPU
	EndGlobalSection
	GlobalSection(ProjectConfigurationPlatforms) = postSolution
		{092FE25A-F1B6-4CA0-BFAF-73258F1DFDB0}.Debug|Any CPU.ActiveCfg = Debug|Any CPU
		{092FE25A-F1B6-4CA0-BFAF-73258F1DFDB0}.Debug|Any CPU.Build.0 = Debug|Any CPU
		{092FE25A-F1B6-4CA0-BFAF-73258F1DFDB0}.Release|Any CPU.ActiveCfg = Release|Any CPU
		{092FE25A-F1B6-4CA0-BFAF-73258F1DFDB0}.Release|Any CPU.Build.0 = Release|Any CPU
	EndGlobalSection
	GlobalSection(SolutionProperties) = preSolution
		HideSolutionNode = FALSE
	EndGlobalSection
	GlobalSection(ExtensibilityGlobals) = postSolution
		SolutionGuid = {4A793A2E-E093-45C2-AC53-CE4786F32967}
	EndGlobalSection
EndGlobal
